// !$*UTF8*$!
{
	archiveVersion = 1;
	classes = {
	};
	objectVersion = 56;
	objects = {

/* Begin PBXBuildFile section */
		0F784C166D0A15247B791EA1 /* Pods_RetirementCalculator_RetirementCalculatorUITests.framework in Frameworks */ = {isa = PBXBuildFile; fileRef = 0A6AE8A8C0FA64956F45975C /* Pods_RetirementCalculator_RetirementCalculatorUITests.framework */; };
		9A21F9FAA4250CA5A3226E30 /* Pods_RetirementCalculatorTests.framework in Frameworks */ = {isa = PBXBuildFile; fileRef = D8E1B92D76042F5569F2DB39 /* Pods_RetirementCalculatorTests.framework */; };
		C991C6132B749BB300B3D8F1 /* AppDelegate.swift in Sources */ = {isa = PBXBuildFile; fileRef = C991C6122B749BB300B3D8F1 /* AppDelegate.swift */; };
		C991C6152B749BB300B3D8F1 /* SceneDelegate.swift in Sources */ = {isa = PBXBuildFile; fileRef = C991C6142B749BB300B3D8F1 /* SceneDelegate.swift */; };
		C991C6172B749BB300B3D8F1 /* ViewController.swift in Sources */ = {isa = PBXBuildFile; fileRef = C991C6162B749BB300B3D8F1 /* ViewController.swift */; };
		C991C61A2B749BB300B3D8F1 /* Main.storyboard in Resources */ = {isa = PBXBuildFile; fileRef = C991C6182B749BB300B3D8F1 /* Main.storyboard */; };
		C991C61C2B749BB400B3D8F1 /* Assets.xcassets in Resources */ = {isa = PBXBuildFile; fileRef = C991C61B2B749BB400B3D8F1 /* Assets.xcassets */; };
		C991C61F2B749BB400B3D8F1 /* LaunchScreen.storyboard in Resources */ = {isa = PBXBuildFile; fileRef = C991C61D2B749BB400B3D8F1 /* LaunchScreen.storyboard */; };
		C991C62A2B749BB400B3D8F1 /* RetirementCalculatorTests.swift in Sources */ = {isa = PBXBuildFile; fileRef = C991C6292B749BB400B3D8F1 /* RetirementCalculatorTests.swift */; };
		C991C6342B749BB400B3D8F1 /* RetirementCalculatorUITests.swift in Sources */ = {isa = PBXBuildFile; fileRef = C991C6332B749BB400B3D8F1 /* RetirementCalculatorUITests.swift */; };
		C991C6362B749BB400B3D8F1 /* RetirementCalculatorUITestsLaunchTests.swift in Sources */ = {isa = PBXBuildFile; fileRef = C991C6352B749BB400B3D8F1 /* RetirementCalculatorUITestsLaunchTests.swift */; };
		DFDFE96DC51F760B92A23D10 /* Pods_RetirementCalculator.framework in Frameworks */ = {isa = PBXBuildFile; fileRef = 425BF099CCB783CEAC50EDAD /* Pods_RetirementCalculator.framework */; };
/* End PBXBuildFile section */

/* Begin PBXContainerItemProxy section */
		C991C6262B749BB400B3D8F1 /* PBXContainerItemProxy */ = {
			isa = PBXContainerItemProxy;
			containerPortal = C991C6072B749BB300B3D8F1 /* Project object */;
			proxyType = 1;
			remoteGlobalIDString = C991C60E2B749BB300B3D8F1;
			remoteInfo = RetirementCalculator;
		};
		C991C6302B749BB400B3D8F1 /* PBXContainerItemProxy */ = {
			isa = PBXContainerItemProxy;
			containerPortal = C991C6072B749BB300B3D8F1 /* Project object */;
			proxyType = 1;
			remoteGlobalIDString = C991C60E2B749BB300B3D8F1;
			remoteInfo = RetirementCalculator;
		};
/* End PBXContainerItemProxy section */

/* Begin PBXFileReference section */
		0A6AE8A8C0FA64956F45975C /* Pods_RetirementCalculator_RetirementCalculatorUITests.framework */ = {isa = PBXFileReference; explicitFileType = wrapper.framework; includeInIndex = 0; path = Pods_RetirementCalculator_RetirementCalculatorUITests.framework; sourceTree = BUILT_PRODUCTS_DIR; };
		174961D60AD7455019C29469 /* Pods-RetirementCalculator-RetirementCalculatorUITests.release.xcconfig */ = {isa = PBXFileReference; includeInIndex = 1; lastKnownFileType = text.xcconfig; name = "Pods-RetirementCalculator-RetirementCalculatorUITests.release.xcconfig"; path = "Target Support Files/Pods-RetirementCalculator-RetirementCalculatorUITests/Pods-RetirementCalculator-RetirementCalculatorUITests.release.xcconfig"; sourceTree = "<group>"; };
		425BF099CCB783CEAC50EDAD /* Pods_RetirementCalculator.framework */ = {isa = PBXFileReference; explicitFileType = wrapper.framework; includeInIndex = 0; path = Pods_RetirementCalculator.framework; sourceTree = BUILT_PRODUCTS_DIR; };
		79C89E9C53AA5C56FF80C39B /* Pods-RetirementCalculator.release.xcconfig */ = {isa = PBXFileReference; includeInIndex = 1; lastKnownFileType = text.xcconfig; name = "Pods-RetirementCalculator.release.xcconfig"; path = "Target Support Files/Pods-RetirementCalculator/Pods-RetirementCalculator.release.xcconfig"; sourceTree = "<group>"; };
		A71F30C928CFD354C2C4833D /* Pods-RetirementCalculator-RetirementCalculatorUITests.debug.xcconfig */ = {isa = PBXFileReference; includeInIndex = 1; lastKnownFileType = text.xcconfig; name = "Pods-RetirementCalculator-RetirementCalculatorUITests.debug.xcconfig"; path = "Target Support Files/Pods-RetirementCalculator-RetirementCalculatorUITests/Pods-RetirementCalculator-RetirementCalculatorUITests.debug.xcconfig"; sourceTree = "<group>"; };
		B60E8D251FC34F66B022FFDE /* Pods-RetirementCalculator.debug.xcconfig */ = {isa = PBXFileReference; includeInIndex = 1; lastKnownFileType = text.xcconfig; name = "Pods-RetirementCalculator.debug.xcconfig"; path = "Target Support Files/Pods-RetirementCalculator/Pods-RetirementCalculator.debug.xcconfig"; sourceTree = "<group>"; };
		C991C60F2B749BB300B3D8F1 /* RetirementCalculator.app */ = {isa = PBXFileReference; explicitFileType = wrapper.application; includeInIndex = 0; path = RetirementCalculator.app; sourceTree = BUILT_PRODUCTS_DIR; };
		C991C6122B749BB300B3D8F1 /* AppDelegate.swift */ = {isa = PBXFileReference; lastKnownFileType = sourcecode.swift; path = AppDelegate.swift; sourceTree = "<group>"; };
		C991C6142B749BB300B3D8F1 /* SceneDelegate.swift */ = {isa = PBXFileReference; lastKnownFileType = sourcecode.swift; path = SceneDelegate.swift; sourceTree = "<group>"; };
		C991C6162B749BB300B3D8F1 /* ViewController.swift */ = {isa = PBXFileReference; lastKnownFileType = sourcecode.swift; path = ViewController.swift; sourceTree = "<group>"; };
		C991C6192B749BB300B3D8F1 /* Base */ = {isa = PBXFileReference; lastKnownFileType = file.storyboard; name = Base; path = Base.lproj/Main.storyboard; sourceTree = "<group>"; };
		C991C61B2B749BB400B3D8F1 /* Assets.xcassets */ = {isa = PBXFileReference; lastKnownFileType = folder.assetcatalog; path = Assets.xcassets; sourceTree = "<group>"; };
		C991C61E2B749BB400B3D8F1 /* Base */ = {isa = PBXFileReference; lastKnownFileType = file.storyboard; name = Base; path = Base.lproj/LaunchScreen.storyboard; sourceTree = "<group>"; };
		C991C6202B749BB400B3D8F1 /* Info.plist */ = {isa = PBXFileReference; lastKnownFileType = text.plist.xml; path = Info.plist; sourceTree = "<group>"; };
		C991C6252B749BB400B3D8F1 /* RetirementCalculatorTests.xctest */ = {isa = PBXFileReference; explicitFileType = wrapper.cfbundle; includeInIndex = 0; path = RetirementCalculatorTests.xctest; sourceTree = BUILT_PRODUCTS_DIR; };
		C991C6292B749BB400B3D8F1 /* RetirementCalculatorTests.swift */ = {isa = PBXFileReference; lastKnownFileType = sourcecode.swift; path = RetirementCalculatorTests.swift; sourceTree = "<group>"; };
		C991C62F2B749BB400B3D8F1 /* RetirementCalculatorUITests.xctest */ = {isa = PBXFileReference; explicitFileType = wrapper.cfbundle; includeInIndex = 0; path = RetirementCalculatorUITests.xctest; sourceTree = BUILT_PRODUCTS_DIR; };
		C991C6332B749BB400B3D8F1 /* RetirementCalculatorUITests.swift */ = {isa = PBXFileReference; lastKnownFileType = sourcecode.swift; path = RetirementCalculatorUITests.swift; sourceTree = "<group>"; };
		C991C6352B749BB400B3D8F1 /* RetirementCalculatorUITestsLaunchTests.swift */ = {isa = PBXFileReference; lastKnownFileType = sourcecode.swift; path = RetirementCalculatorUITestsLaunchTests.swift; sourceTree = "<group>"; };
		D04FD340271C4FA8A9D8D34F /* Pods-RetirementCalculatorTests.debug.xcconfig */ = {isa = PBXFileReference; includeInIndex = 1; lastKnownFileType = text.xcconfig; name = "Pods-RetirementCalculatorTests.debug.xcconfig"; path = "Target Support Files/Pods-RetirementCalculatorTests/Pods-RetirementCalculatorTests.debug.xcconfig"; sourceTree = "<group>"; };
		D8E1B92D76042F5569F2DB39 /* Pods_RetirementCalculatorTests.framework */ = {isa = PBXFileReference; explicitFileType = wrapper.framework; includeInIndex = 0; path = Pods_RetirementCalculatorTests.framework; sourceTree = BUILT_PRODUCTS_DIR; };
		F9E570F0D617BD3A087BF70E /* Pods-RetirementCalculatorTests.release.xcconfig */ = {isa = PBXFileReference; includeInIndex = 1; lastKnownFileType = text.xcconfig; name = "Pods-RetirementCalculatorTests.release.xcconfig"; path = "Target Support Files/Pods-RetirementCalculatorTests/Pods-RetirementCalculatorTests.release.xcconfig"; sourceTree = "<group>"; };
/* End PBXFileReference section */

/* Begin PBXFrameworksBuildPhase section */
		C991C60C2B749BB300B3D8F1 /* Frameworks */ = {
			isa = PBXFrameworksBuildPhase;
			buildActionMask = 2147483647;
			files = (
				DFDFE96DC51F760B92A23D10 /* Pods_RetirementCalculator.framework in Frameworks */,
			);
			runOnlyForDeploymentPostprocessing = 0;
		};
		C991C6222B749BB400B3D8F1 /* Frameworks */ = {
			isa = PBXFrameworksBuildPhase;
			buildActionMask = 2147483647;
			files = (
				9A21F9FAA4250CA5A3226E30 /* Pods_RetirementCalculatorTests.framework in Frameworks */,
			);
			runOnlyForDeploymentPostprocessing = 0;
		};
		C991C62C2B749BB400B3D8F1 /* Frameworks */ = {
			isa = PBXFrameworksBuildPhase;
			buildActionMask = 2147483647;
			files = (
				0F784C166D0A15247B791EA1 /* Pods_RetirementCalculator_RetirementCalculatorUITests.framework in Frameworks */,
			);
			runOnlyForDeploymentPostprocessing = 0;
		};
/* End PBXFrameworksBuildPhase section */

/* Begin PBXGroup section */
		2DFE8348352875B65BC632C8 /* Pods */ = {
			isa = PBXGroup;
			children = (
				B60E8D251FC34F66B022FFDE /* Pods-RetirementCalculator.debug.xcconfig */,
				79C89E9C53AA5C56FF80C39B /* Pods-RetirementCalculator.release.xcconfig */,
				A71F30C928CFD354C2C4833D /* Pods-RetirementCalculator-RetirementCalculatorUITests.debug.xcconfig */,
				174961D60AD7455019C29469 /* Pods-RetirementCalculator-RetirementCalculatorUITests.release.xcconfig */,
				D04FD340271C4FA8A9D8D34F /* Pods-RetirementCalculatorTests.debug.xcconfig */,
				F9E570F0D617BD3A087BF70E /* Pods-RetirementCalculatorTests.release.xcconfig */,
			);
			path = Pods;
			sourceTree = "<group>";
		};
		BFD1B5882A5A9DADBE86C5C5 /* Frameworks */ = {
			isa = PBXGroup;
			children = (
				425BF099CCB783CEAC50EDAD /* Pods_RetirementCalculator.framework */,
				0A6AE8A8C0FA64956F45975C /* Pods_RetirementCalculator_RetirementCalculatorUITests.framework */,
				D8E1B92D76042F5569F2DB39 /* Pods_RetirementCalculatorTests.framework */,
			);
			name = Frameworks;
			sourceTree = "<group>";
		};
		C991C6062B749BB300B3D8F1 = {
			isa = PBXGroup;
			children = (
				C991C6112B749BB300B3D8F1 /* RetirementCalculator */,
				C991C6282B749BB400B3D8F1 /* RetirementCalculatorTests */,
				C991C6322B749BB400B3D8F1 /* RetirementCalculatorUITests */,
				C991C6102B749BB300B3D8F1 /* Products */,
				2DFE8348352875B65BC632C8 /* Pods */,
				BFD1B5882A5A9DADBE86C5C5 /* Frameworks */,
			);
			sourceTree = "<group>";
		};
		C991C6102B749BB300B3D8F1 /* Products */ = {
			isa = PBXGroup;
			children = (
				C991C60F2B749BB300B3D8F1 /* RetirementCalculator.app */,
				C991C6252B749BB400B3D8F1 /* RetirementCalculatorTests.xctest */,
				C991C62F2B749BB400B3D8F1 /* RetirementCalculatorUITests.xctest */,
			);
			name = Products;
			sourceTree = "<group>";
		};
		C991C6112B749BB300B3D8F1 /* RetirementCalculator */ = {
			isa = PBXGroup;
			children = (
				C991C6122B749BB300B3D8F1 /* AppDelegate.swift */,
				C991C6142B749BB300B3D8F1 /* SceneDelegate.swift */,
				C991C6162B749BB300B3D8F1 /* ViewController.swift */,
				C991C6182B749BB300B3D8F1 /* Main.storyboard */,
				C991C61B2B749BB400B3D8F1 /* Assets.xcassets */,
				C991C61D2B749BB400B3D8F1 /* LaunchScreen.storyboard */,
				C991C6202B749BB400B3D8F1 /* Info.plist */,
			);
			path = RetirementCalculator;
			sourceTree = "<group>";
		};
		C991C6282B749BB400B3D8F1 /* RetirementCalculatorTests */ = {
			isa = PBXGroup;
			children = (
				C991C6292B749BB400B3D8F1 /* RetirementCalculatorTests.swift */,
			);
			path = RetirementCalculatorTests;
			sourceTree = "<group>";
		};
		C991C6322B749BB400B3D8F1 /* RetirementCalculatorUITests */ = {
			isa = PBXGroup;
			children = (
				C991C6332B749BB400B3D8F1 /* RetirementCalculatorUITests.swift */,
				C991C6352B749BB400B3D8F1 /* RetirementCalculatorUITestsLaunchTests.swift */,
			);
			path = RetirementCalculatorUITests;
			sourceTree = "<group>";
		};
/* End PBXGroup section */

/* Begin PBXNativeTarget section */
		C991C60E2B749BB300B3D8F1 /* RetirementCalculator */ = {
			isa = PBXNativeTarget;
			buildConfigurationList = C991C6392B749BB400B3D8F1 /* Build configuration list for PBXNativeTarget "RetirementCalculator" */;
			buildPhases = (
				6A787FACE30070843AD7F76D /* [CP] Check Pods Manifest.lock */,
				C991C60B2B749BB300B3D8F1 /* Sources */,
				C991C60C2B749BB300B3D8F1 /* Frameworks */,
				C991C60D2B749BB300B3D8F1 /* Resources */,
			);
			buildRules = (
			);
			dependencies = (
			);
			name = RetirementCalculator;
			productName = RetirementCalculator;
			productReference = C991C60F2B749BB300B3D8F1 /* RetirementCalculator.app */;
			productType = "com.apple.product-type.application";
		};
		C991C6242B749BB400B3D8F1 /* RetirementCalculatorTests */ = {
			isa = PBXNativeTarget;
			buildConfigurationList = C991C63C2B749BB400B3D8F1 /* Build configuration list for PBXNativeTarget "RetirementCalculatorTests" */;
			buildPhases = (
				3B632FC9536DBCA0068BEE41 /* [CP] Check Pods Manifest.lock */,
				C991C6212B749BB400B3D8F1 /* Sources */,
				C991C6222B749BB400B3D8F1 /* Frameworks */,
				C991C6232B749BB400B3D8F1 /* Resources */,
			);
			buildRules = (
			);
			dependencies = (
				C991C6272B749BB400B3D8F1 /* PBXTargetDependency */,
			);
			name = RetirementCalculatorTests;
			productName = RetirementCalculatorTests;
			productReference = C991C6252B749BB400B3D8F1 /* RetirementCalculatorTests.xctest */;
			productType = "com.apple.product-type.bundle.unit-test";
		};
		C991C62E2B749BB400B3D8F1 /* RetirementCalculatorUITests */ = {
			isa = PBXNativeTarget;
			buildConfigurationList = C991C63F2B749BB400B3D8F1 /* Build configuration list for PBXNativeTarget "RetirementCalculatorUITests" */;
			buildPhases = (
				D73156306B7B1A0FD1AC4C87 /* [CP] Check Pods Manifest.lock */,
				C991C62B2B749BB400B3D8F1 /* Sources */,
				C991C62C2B749BB400B3D8F1 /* Frameworks */,
				C991C62D2B749BB400B3D8F1 /* Resources */,
			);
			buildRules = (
			);
			dependencies = (
				C991C6312B749BB400B3D8F1 /* PBXTargetDependency */,
			);
			name = RetirementCalculatorUITests;
			productName = RetirementCalculatorUITests;
			productReference = C991C62F2B749BB400B3D8F1 /* RetirementCalculatorUITests.xctest */;
			productType = "com.apple.product-type.bundle.ui-testing";
		};
/* End PBXNativeTarget section */

/* Begin PBXProject section */
		C991C6072B749BB300B3D8F1 /* Project object */ = {
			isa = PBXProject;
			attributes = {
				BuildIndependentTargetsInParallel = 1;
				LastSwiftUpdateCheck = 1430;
				LastUpgradeCheck = 1430;
				TargetAttributes = {
					C991C60E2B749BB300B3D8F1 = {
						CreatedOnToolsVersion = 14.3.1;
					};
					C991C6242B749BB400B3D8F1 = {
						CreatedOnToolsVersion = 14.3.1;
						TestTargetID = C991C60E2B749BB300B3D8F1;
					};
					C991C62E2B749BB400B3D8F1 = {
						CreatedOnToolsVersion = 14.3.1;
						TestTargetID = C991C60E2B749BB300B3D8F1;
					};
				};
			};
			buildConfigurationList = C991C60A2B749BB300B3D8F1 /* Build configuration list for PBXProject "RetirementCalculator" */;
			compatibilityVersion = "Xcode 14.0";
			developmentRegion = en;
			hasScannedForEncodings = 0;
			knownRegions = (
				en,
				Base,
			);
			mainGroup = C991C6062B749BB300B3D8F1;
			productRefGroup = C991C6102B749BB300B3D8F1 /* Products */;
			projectDirPath = "";
			projectRoot = "";
			targets = (
				C991C60E2B749BB300B3D8F1 /* RetirementCalculator */,
				C991C6242B749BB400B3D8F1 /* RetirementCalculatorTests */,
				C991C62E2B749BB400B3D8F1 /* RetirementCalculatorUITests */,
			);
		};
/* End PBXProject section */

/* Begin PBXResourcesBuildPhase section */
		C991C60D2B749BB300B3D8F1 /* Resources */ = {
			isa = PBXResourcesBuildPhase;
			buildActionMask = 2147483647;
			files = (
				C991C61F2B749BB400B3D8F1 /* LaunchScreen.storyboard in Resources */,
				C991C61C2B749BB400B3D8F1 /* Assets.xcassets in Resources */,
				C991C61A2B749BB300B3D8F1 /* Main.storyboard in Resources */,
			);
			runOnlyForDeploymentPostprocessing = 0;
		};
		C991C6232B749BB400B3D8F1 /* Resources */ = {
			isa = PBXResourcesBuildPhase;
			buildActionMask = 2147483647;
			files = (
			);
			runOnlyForDeploymentPostprocessing = 0;
		};
		C991C62D2B749BB400B3D8F1 /* Resources */ = {
			isa = PBXResourcesBuildPhase;
			buildActionMask = 2147483647;
			files = (
			);
			runOnlyForDeploymentPostprocessing = 0;
		};
/* End PBXResourcesBuildPhase section */

/* Begin PBXShellScriptBuildPhase section */
		3B632FC9536DBCA0068BEE41 /* [CP] Check Pods Manifest.lock */ = {
			isa = PBXShellScriptBuildPhase;
			buildActionMask = 2147483647;
			files = (
			);
			inputFileListPaths = (
			);
			inputPaths = (
				"${PODS_PODFILE_DIR_PATH}/Podfile.lock",
				"${PODS_ROOT}/Manifest.lock",
			);
			name = "[CP] Check Pods Manifest.lock";
			outputFileListPaths = (
			);
			outputPaths = (
				"$(DERIVED_FILE_DIR)/Pods-RetirementCalculatorTests-checkManifestLockResult.txt",
			);
			runOnlyForDeploymentPostprocessing = 0;
			shellPath = /bin/sh;
			shellScript = "diff \"${PODS_PODFILE_DIR_PATH}/Podfile.lock\" \"${PODS_ROOT}/Manifest.lock\" > /dev/null\nif [ $? != 0 ] ; then\n    # print error to STDERR\n    echo \"error: The sandbox is not in sync with the Podfile.lock. Run 'pod install' or update your CocoaPods installation.\" >&2\n    exit 1\nfi\n# This output is used by Xcode 'outputs' to avoid re-running this script phase.\necho \"SUCCESS\" > \"${SCRIPT_OUTPUT_FILE_0}\"\n";
			showEnvVarsInLog = 0;
		};
		6A787FACE30070843AD7F76D /* [CP] Check Pods Manifest.lock */ = {
			isa = PBXShellScriptBuildPhase;
			buildActionMask = 2147483647;
			files = (
			);
			inputFileListPaths = (
			);
			inputPaths = (
				"${PODS_PODFILE_DIR_PATH}/Podfile.lock",
				"${PODS_ROOT}/Manifest.lock",
			);
			name = "[CP] Check Pods Manifest.lock";
			outputFileListPaths = (
			);
			outputPaths = (
				"$(DERIVED_FILE_DIR)/Pods-RetirementCalculator-checkManifestLockResult.txt",
			);
			runOnlyForDeploymentPostprocessing = 0;
			shellPath = /bin/sh;
			shellScript = "diff \"${PODS_PODFILE_DIR_PATH}/Podfile.lock\" \"${PODS_ROOT}/Manifest.lock\" > /dev/null\nif [ $? != 0 ] ; then\n    # print error to STDERR\n    echo \"error: The sandbox is not in sync with the Podfile.lock. Run 'pod install' or update your CocoaPods installation.\" >&2\n    exit 1\nfi\n# This output is used by Xcode 'outputs' to avoid re-running this script phase.\necho \"SUCCESS\" > \"${SCRIPT_OUTPUT_FILE_0}\"\n";
			showEnvVarsInLog = 0;
		};
		D73156306B7B1A0FD1AC4C87 /* [CP] Check Pods Manifest.lock */ = {
			isa = PBXShellScriptBuildPhase;
			buildActionMask = 2147483647;
			files = (
			);
			inputFileListPaths = (
			);
			inputPaths = (
				"${PODS_PODFILE_DIR_PATH}/Podfile.lock",
				"${PODS_ROOT}/Manifest.lock",
			);
			name = "[CP] Check Pods Manifest.lock";
			outputFileListPaths = (
			);
			outputPaths = (
				"$(DERIVED_FILE_DIR)/Pods-RetirementCalculator-RetirementCalculatorUITests-checkManifestLockResult.txt",
			);
			runOnlyForDeploymentPostprocessing = 0;
			shellPath = /bin/sh;
			shellScript = "diff \"${PODS_PODFILE_DIR_PATH}/Podfile.lock\" \"${PODS_ROOT}/Manifest.lock\" > /dev/null\nif [ $? != 0 ] ; then\n    # print error to STDERR\n    echo \"error: The sandbox is not in sync with the Podfile.lock. Run 'pod install' or update your CocoaPods installation.\" >&2\n    exit 1\nfi\n# This output is used by Xcode 'outputs' to avoid re-running this script phase.\necho \"SUCCESS\" > \"${SCRIPT_OUTPUT_FILE_0}\"\n";
			showEnvVarsInLog = 0;
		};
/* End PBXShellScriptBuildPhase section */

/* Begin PBXSourcesBuildPhase section */
		C991C60B2B749BB300B3D8F1 /* Sources */ = {
			isa = PBXSourcesBuildPhase;
			buildActionMask = 2147483647;
			files = (
				C991C6172B749BB300B3D8F1 /* ViewController.swift in Sources */,
				C991C6132B749BB300B3D8F1 /* AppDelegate.swift in Sources */,
				C991C6152B749BB300B3D8F1 /* SceneDelegate.swift in Sources */,
			);
			runOnlyForDeploymentPostprocessing = 0;
		};
		C991C6212B749BB400B3D8F1 /* Sources */ = {
			isa = PBXSourcesBuildPhase;
			buildActionMask = 2147483647;
			files = (
				C991C62A2B749BB400B3D8F1 /* RetirementCalculatorTests.swift in Sources */,
			);
			runOnlyForDeploymentPostprocessing = 0;
		};
		C991C62B2B749BB400B3D8F1 /* Sources */ = {
			isa = PBXSourcesBuildPhase;
			buildActionMask = 2147483647;
			files = (
				C991C6342B749BB400B3D8F1 /* RetirementCalculatorUITests.swift in Sources */,
				C991C6362B749BB400B3D8F1 /* RetirementCalculatorUITestsLaunchTests.swift in Sources */,
			);
			runOnlyForDeploymentPostprocessing = 0;
		};
/* End PBXSourcesBuildPhase section */

/* Begin PBXTargetDependency section */
		C991C6272B749BB400B3D8F1 /* PBXTargetDependency */ = {
			isa = PBXTargetDependency;
			target = C991C60E2B749BB300B3D8F1 /* RetirementCalculator */;
			targetProxy = C991C6262B749BB400B3D8F1 /* PBXContainerItemProxy */;
		};
		C991C6312B749BB400B3D8F1 /* PBXTargetDependency */ = {
			isa = PBXTargetDependency;
			target = C991C60E2B749BB300B3D8F1 /* RetirementCalculator */;
			targetProxy = C991C6302B749BB400B3D8F1 /* PBXContainerItemProxy */;
		};
/* End PBXTargetDependency section */

/* Begin PBXVariantGroup section */
		C991C6182B749BB300B3D8F1 /* Main.storyboard */ = {
			isa = PBXVariantGroup;
			children = (
				C991C6192B749BB300B3D8F1 /* Base */,
			);
			name = Main.storyboard;
			sourceTree = "<group>";
		};
		C991C61D2B749BB400B3D8F1 /* LaunchScreen.storyboard */ = {
			isa = PBXVariantGroup;
			children = (
				C991C61E2B749BB400B3D8F1 /* Base */,
			);
			name = LaunchScreen.storyboard;
			sourceTree = "<group>";
		};
/* End PBXVariantGroup section */

/* Begin XCBuildConfiguration section */
		C991C6372B749BB400B3D8F1 /* Debug */ = {
			isa = XCBuildConfiguration;
			buildSettings = {
				ALWAYS_SEARCH_USER_PATHS = NO;
				CLANG_ANALYZER_NONNULL = YES;
				CLANG_ANALYZER_NUMBER_OBJECT_CONVERSION = YES_AGGRESSIVE;
				CLANG_CXX_LANGUAGE_STANDARD = "gnu++20";
				CLANG_ENABLE_MODULES = YES;
				CLANG_ENABLE_OBJC_ARC = YES;
				CLANG_ENABLE_OBJC_WEAK = YES;
				CLANG_WARN_BLOCK_CAPTURE_AUTORELEASING = YES;
				CLANG_WARN_BOOL_CONVERSION = YES;
				CLANG_WARN_COMMA = YES;
				CLANG_WARN_CONSTANT_CONVERSION = YES;
				CLANG_WARN_DEPRECATED_OBJC_IMPLEMENTATIONS = YES;
				CLANG_WARN_DIRECT_OBJC_ISA_USAGE = YES_ERROR;
				CLANG_WARN_DOCUMENTATION_COMMENTS = YES;
				CLANG_WARN_EMPTY_BODY = YES;
				CLANG_WARN_ENUM_CONVERSION = YES;
				CLANG_WARN_INFINITE_RECURSION = YES;
				CLANG_WARN_INT_CONVERSION = YES;
				CLANG_WARN_NON_LITERAL_NULL_CONVERSION = YES;
				CLANG_WARN_OBJC_IMPLICIT_RETAIN_SELF = YES;
				CLANG_WARN_OBJC_LITERAL_CONVERSION = YES;
				CLANG_WARN_OBJC_ROOT_CLASS = YES_ERROR;
				CLANG_WARN_QUOTED_INCLUDE_IN_FRAMEWORK_HEADER = YES;
				CLANG_WARN_RANGE_LOOP_ANALYSIS = YES;
				CLANG_WARN_STRICT_PROTOTYPES = YES;
				CLANG_WARN_SUSPICIOUS_MOVE = YES;
				CLANG_WARN_UNGUARDED_AVAILABILITY = YES_AGGRESSIVE;
				CLANG_WARN_UNREACHABLE_CODE = YES;
				CLANG_WARN__DUPLICATE_METHOD_MATCH = YES;
				COPY_PHASE_STRIP = NO;
				DEBUG_INFORMATION_FORMAT = dwarf;
				ENABLE_STRICT_OBJC_MSGSEND = YES;
				ENABLE_TESTABILITY = YES;
				GCC_C_LANGUAGE_STANDARD = gnu11;
				GCC_DYNAMIC_NO_PIC = NO;
				GCC_NO_COMMON_BLOCKS = YES;
				GCC_OPTIMIZATION_LEVEL = 0;
				GCC_PREPROCESSOR_DEFINITIONS = (
					"DEBUG=1",
					"$(inherited)",
				);
				GCC_WARN_64_TO_32_BIT_CONVERSION = YES;
				GCC_WARN_ABOUT_RETURN_TYPE = YES_ERROR;
				GCC_WARN_UNDECLARED_SELECTOR = YES;
				GCC_WARN_UNINITIALIZED_AUTOS = YES_AGGRESSIVE;
				GCC_WARN_UNUSED_FUNCTION = YES;
				GCC_WARN_UNUSED_VARIABLE = YES;
				IPHONEOS_DEPLOYMENT_TARGET = 16.4;
				MTL_ENABLE_DEBUG_INFO = INCLUDE_SOURCE;
				MTL_FAST_MATH = YES;
				ONLY_ACTIVE_ARCH = YES;
				SDKROOT = iphoneos;
				SWIFT_ACTIVE_COMPILATION_CONDITIONS = DEBUG;
				SWIFT_OPTIMIZATION_LEVEL = "-Onone";
			};
			name = Debug;
		};
		C991C6382B749BB400B3D8F1 /* Release */ = {
			isa = XCBuildConfiguration;
			buildSettings = {
				ALWAYS_SEARCH_USER_PATHS = NO;
				CLANG_ANALYZER_NONNULL = YES;
				CLANG_ANALYZER_NUMBER_OBJECT_CONVERSION = YES_AGGRESSIVE;
				CLANG_CXX_LANGUAGE_STANDARD = "gnu++20";
				CLANG_ENABLE_MODULES = YES;
				CLANG_ENABLE_OBJC_ARC = YES;
				CLANG_ENABLE_OBJC_WEAK = YES;
				CLANG_WARN_BLOCK_CAPTURE_AUTORELEASING = YES;
				CLANG_WARN_BOOL_CONVERSION = YES;
				CLANG_WARN_COMMA = YES;
				CLANG_WARN_CONSTANT_CONVERSION = YES;
				CLANG_WARN_DEPRECATED_OBJC_IMPLEMENTATIONS = YES;
				CLANG_WARN_DIRECT_OBJC_ISA_USAGE = YES_ERROR;
				CLANG_WARN_DOCUMENTATION_COMMENTS = YES;
				CLANG_WARN_EMPTY_BODY = YES;
				CLANG_WARN_ENUM_CONVERSION = YES;
				CLANG_WARN_INFINITE_RECURSION = YES;
				CLANG_WARN_INT_CONVERSION = YES;
				CLANG_WARN_NON_LITERAL_NULL_CONVERSION = YES;
				CLANG_WARN_OBJC_IMPLICIT_RETAIN_SELF = YES;
				CLANG_WARN_OBJC_LITERAL_CONVERSION = YES;
				CLANG_WARN_OBJC_ROOT_CLASS = YES_ERROR;
				CLANG_WARN_QUOTED_INCLUDE_IN_FRAMEWORK_HEADER = YES;
				CLANG_WARN_RANGE_LOOP_ANALYSIS = YES;
				CLANG_WARN_STRICT_PROTOTYPES = YES;
				CLANG_WARN_SUSPICIOUS_MOVE = YES;
				CLANG_WARN_UNGUARDED_AVAILABILITY = YES_AGGRESSIVE;
				CLANG_WARN_UNREACHABLE_CODE = YES;
				CLANG_WARN__DUPLICATE_METHOD_MATCH = YES;
				COPY_PHASE_STRIP = NO;
				DEBUG_INFORMATION_FORMAT = "dwarf-with-dsym";
				ENABLE_NS_ASSERTIONS = NO;
				ENABLE_STRICT_OBJC_MSGSEND = YES;
				GCC_C_LANGUAGE_STANDARD = gnu11;
				GCC_NO_COMMON_BLOCKS = YES;
				GCC_WARN_64_TO_32_BIT_CONVERSION = YES;
				GCC_WARN_ABOUT_RETURN_TYPE = YES_ERROR;
				GCC_WARN_UNDECLARED_SELECTOR = YES;
				GCC_WARN_UNINITIALIZED_AUTOS = YES_AGGRESSIVE;
				GCC_WARN_UNUSED_FUNCTION = YES;
				GCC_WARN_UNUSED_VARIABLE = YES;
				IPHONEOS_DEPLOYMENT_TARGET = 16.4;
				MTL_ENABLE_DEBUG_INFO = NO;
				MTL_FAST_MATH = YES;
				SDKROOT = iphoneos;
				SWIFT_COMPILATION_MODE = wholemodule;
				SWIFT_OPTIMIZATION_LEVEL = "-O";
				VALIDATE_PRODUCT = YES;
			};
			name = Release;
		};
		C991C63A2B749BB400B3D8F1 /* Debug */ = {
			isa = XCBuildConfiguration;
			baseConfigurationReference = B60E8D251FC34F66B022FFDE /* Pods-RetirementCalculator.debug.xcconfig */;
			buildSettings = {
				ASSETCATALOG_COMPILER_APPICON_NAME = AppIcon;
				ASSETCATALOG_COMPILER_GLOBAL_ACCENT_COLOR_NAME = AccentColor;
				"CODE_SIGN_IDENTITY[sdk=iphoneos*]" = "iPhone Developer";
				CODE_SIGN_STYLE = Manual;
				CURRENT_PROJECT_VERSION = 1;
				DEBUG_INFORMATION_FORMAT = "dwarf-with-dsym";
				DEVELOPMENT_TEAM = "";
				"DEVELOPMENT_TEAM[sdk=iphoneos*]" = B546Y3TY2D;
				GENERATE_INFOPLIST_FILE = YES;
				INFOPLIST_FILE = RetirementCalculator/Info.plist;
				INFOPLIST_KEY_UIApplicationSupportsIndirectInputEvents = YES;
				INFOPLIST_KEY_UILaunchStoryboardName = LaunchScreen;
				INFOPLIST_KEY_UIMainStoryboardFile = Main;
				INFOPLIST_KEY_UISupportedInterfaceOrientations_iPad = "UIInterfaceOrientationPortrait UIInterfaceOrientationPortraitUpsideDown UIInterfaceOrientationLandscapeLeft UIInterfaceOrientationLandscapeRight";
				INFOPLIST_KEY_UISupportedInterfaceOrientations_iPhone = "UIInterfaceOrientationPortrait UIInterfaceOrientationLandscapeLeft UIInterfaceOrientationLandscapeRight";
				IPHONEOS_DEPLOYMENT_TARGET = 12.0;
				LD_RUNPATH_SEARCH_PATHS = (
					"$(inherited)",
					"@executable_path/Frameworks",
				);
				MARKETING_VERSION = 1.0;
				PRODUCT_BUNDLE_IDENTIFIER = com.nadeeshac32.RetirementCalculator;
				PRODUCT_NAME = "$(TARGET_NAME)";
				PROVISIONING_PROFILE_SPECIFIER = "";
				"PROVISIONING_PROFILE_SPECIFIER[sdk=iphoneos*]" = RetirementCal_qa_development_pp;
				SWIFT_EMIT_LOC_STRINGS = YES;
				SWIFT_VERSION = 5.0;
				TARGETED_DEVICE_FAMILY = "1,2";
			};
			name = Debug;
		};
		C991C63B2B749BB400B3D8F1 /* Release */ = {
			isa = XCBuildConfiguration;
			baseConfigurationReference = 79C89E9C53AA5C56FF80C39B /* Pods-RetirementCalculator.release.xcconfig */;
			buildSettings = {
				ASSETCATALOG_COMPILER_APPICON_NAME = AppIcon;
				ASSETCATALOG_COMPILER_GLOBAL_ACCENT_COLOR_NAME = AccentColor;
				"CODE_SIGN_IDENTITY[sdk=iphoneos*]" = "iPhone Developer";
				CODE_SIGN_STYLE = Manual;
				CURRENT_PROJECT_VERSION = 1;
				DEVELOPMENT_TEAM = "";
				"DEVELOPMENT_TEAM[sdk=iphoneos*]" = B546Y3TY2D;
				GENERATE_INFOPLIST_FILE = YES;
				INFOPLIST_FILE = RetirementCalculator/Info.plist;
				INFOPLIST_KEY_UIApplicationSupportsIndirectInputEvents = YES;
				INFOPLIST_KEY_UILaunchStoryboardName = LaunchScreen;
				INFOPLIST_KEY_UIMainStoryboardFile = Main;
				INFOPLIST_KEY_UISupportedInterfaceOrientations_iPad = "UIInterfaceOrientationPortrait UIInterfaceOrientationPortraitUpsideDown UIInterfaceOrientationLandscapeLeft UIInterfaceOrientationLandscapeRight";
				INFOPLIST_KEY_UISupportedInterfaceOrientations_iPhone = "UIInterfaceOrientationPortrait UIInterfaceOrientationLandscapeLeft UIInterfaceOrientationLandscapeRight";
				IPHONEOS_DEPLOYMENT_TARGET = 12.0;
				LD_RUNPATH_SEARCH_PATHS = (
					"$(inherited)",
					"@executable_path/Frameworks",
				);
				MARKETING_VERSION = 1.0;
				PRODUCT_BUNDLE_IDENTIFIER = com.nadeeshac32.RetirementCalculator;
				PRODUCT_NAME = "$(TARGET_NAME)";
				PROVISIONING_PROFILE_SPECIFIER = "";
				"PROVISIONING_PROFILE_SPECIFIER[sdk=iphoneos*]" = RetirementCal_qa_development_pp;
				SWIFT_EMIT_LOC_STRINGS = YES;
				SWIFT_VERSION = 5.0;
				TARGETED_DEVICE_FAMILY = "1,2";
			};
			name = Release;
		};
		C991C63D2B749BB400B3D8F1 /* Debug */ = {
			isa = XCBuildConfiguration;
			baseConfigurationReference = D04FD340271C4FA8A9D8D34F /* Pods-RetirementCalculatorTests.debug.xcconfig */;
			buildSettings = {
				ALWAYS_EMBED_SWIFT_STANDARD_LIBRARIES = YES;
				BUNDLE_LOADER = "$(TEST_HOST)";
				CODE_SIGN_STYLE = Automatic;
				CURRENT_PROJECT_VERSION = 1;
				GENERATE_INFOPLIST_FILE = YES;
				IPHONEOS_DEPLOYMENT_TARGET = 16.4;
				MARKETING_VERSION = 1.0;
				PRODUCT_BUNDLE_IDENTIFIER = com.nadeeshac32.RetirementCalculatorTests;
				PRODUCT_NAME = "$(TARGET_NAME)";
				SWIFT_EMIT_LOC_STRINGS = NO;
				SWIFT_VERSION = 5.0;
				TARGETED_DEVICE_FAMILY = "1,2";
				TEST_HOST = "$(BUILT_PRODUCTS_DIR)/RetirementCalculator.app/$(BUNDLE_EXECUTABLE_FOLDER_PATH)/RetirementCalculator";
			};
			name = Debug;
		};
		C991C63E2B749BB400B3D8F1 /* Release */ = {
			isa = XCBuildConfiguration;
			baseConfigurationReference = F9E570F0D617BD3A087BF70E /* Pods-RetirementCalculatorTests.release.xcconfig */;
			buildSettings = {
				ALWAYS_EMBED_SWIFT_STANDARD_LIBRARIES = YES;
				BUNDLE_LOADER = "$(TEST_HOST)";
				CODE_SIGN_STYLE = Automatic;
				CURRENT_PROJECT_VERSION = 1;
				GENERATE_INFOPLIST_FILE = YES;
				IPHONEOS_DEPLOYMENT_TARGET = 16.4;
				MARKETING_VERSION = 1.0;
				PRODUCT_BUNDLE_IDENTIFIER = com.nadeeshac32.RetirementCalculatorTests;
				PRODUCT_NAME = "$(TARGET_NAME)";
				SWIFT_EMIT_LOC_STRINGS = NO;
				SWIFT_VERSION = 5.0;
				TARGETED_DEVICE_FAMILY = "1,2";
				TEST_HOST = "$(BUILT_PRODUCTS_DIR)/RetirementCalculator.app/$(BUNDLE_EXECUTABLE_FOLDER_PATH)/RetirementCalculator";
			};
			name = Release;
		};
		C991C6402B749BB400B3D8F1 /* Debug */ = {
			isa = XCBuildConfiguration;
			baseConfigurationReference = A71F30C928CFD354C2C4833D /* Pods-RetirementCalculator-RetirementCalculatorUITests.debug.xcconfig */;
			buildSettings = {
				ALWAYS_EMBED_SWIFT_STANDARD_LIBRARIES = YES;
				CODE_SIGN_STYLE = Automatic;
				CURRENT_PROJECT_VERSION = 1;
				GENERATE_INFOPLIST_FILE = YES;
				MARKETING_VERSION = 1.0;
				PRODUCT_BUNDLE_IDENTIFIER = com.nadeeshac32.RetirementCalculatorUITests;
				PRODUCT_NAME = "$(TARGET_NAME)";
				SWIFT_EMIT_LOC_STRINGS = NO;
				SWIFT_VERSION = 5.0;
				TARGETED_DEVICE_FAMILY = "1,2";
				TEST_TARGET_NAME = RetirementCalculator;
			};
			name = Debug;
		};
		C991C6412B749BB400B3D8F1 /* Release */ = {
			isa = XCBuildConfiguration;
			baseConfigurationReference = 174961D60AD7455019C29469 /* Pods-RetirementCalculator-RetirementCalculatorUITests.release.xcconfig */;
			buildSettings = {
				ALWAYS_EMBED_SWIFT_STANDARD_LIBRARIES = YES;
				CODE_SIGN_STYLE = Automatic;
				CURRENT_PROJECT_VERSION = 1;
				GENERATE_INFOPLIST_FILE = YES;
				MARKETING_VERSION = 1.0;
				PRODUCT_BUNDLE_IDENTIFIER = com.nadeeshac32.RetirementCalculatorUITests;
				PRODUCT_NAME = "$(TARGET_NAME)";
				SWIFT_EMIT_LOC_STRINGS = NO;
				SWIFT_VERSION = 5.0;
				TARGETED_DEVICE_FAMILY = "1,2";
				TEST_TARGET_NAME = RetirementCalculator;
			};
			name = Release;
		};
/* End XCBuildConfiguration section */

/* Begin XCConfigurationList section */
		C991C60A2B749BB300B3D8F1 /* Build configuration list for PBXProject "RetirementCalculator" */ = {
			isa = XCConfigurationList;
			buildConfigurations = (
				C991C6372B749BB400B3D8F1 /* Debug */,
				C991C6382B749BB400B3D8F1 /* Release */,
			);
			defaultConfigurationIsVisible = 0;
			defaultConfigurationName = Release;
		};
		C991C6392B749BB400B3D8F1 /* Build configuration list for PBXNativeTarget "RetirementCalculator" */ = {
			isa = XCConfigurationList;
			buildConfigurations = (
				C991C63A2B749BB400B3D8F1 /* Debug */,
				C991C63B2B749BB400B3D8F1 /* Release */,
			);
			defaultConfigurationIsVisible = 0;
			defaultConfigurationName = Release;
		};
		C991C63C2B749BB400B3D8F1 /* Build configuration list for PBXNativeTarget "RetirementCalculatorTests" */ = {
			isa = XCConfigurationList;
			buildConfigurations = (
				C991C63D2B749BB400B3D8F1 /* Debug */,
				C991C63E2B749BB400B3D8F1 /* Release */,
			);
			defaultConfigurationIsVisible = 0;
			defaultConfigurationName = Release;
		};
		C991C63F2B749BB400B3D8F1 /* Build configuration list for PBXNativeTarget "RetirementCalculatorUITests" */ = {
			isa = XCConfigurationList;
			buildConfigurations = (
				C991C6402B749BB400B3D8F1 /* Debug */,
				C991C6412B749BB400B3D8F1 /* Release */,
			);
			defaultConfigurationIsVisible = 0;
			defaultConfigurationName = Release;
		};
/* End XCConfigurationList section */
	};
	rootObject = C991C6072B749BB300B3D8F1 /* Project object */;
}
